// !$*UTF8*$!
{
	archiveVersion = 1;
	classes = {
	};
	objectVersion = 56;
	objects = {

/* Begin PBXBuildFile section */
		D20D97C62B9A549900EECB5B /* AppDelegate.swift in Sources */ = {isa = PBXBuildFile; fileRef = D20D97C52B9A549900EECB5B /* AppDelegate.swift */; };
		D20D97C82B9A549900EECB5B /* SceneDelegate.swift in Sources */ = {isa = PBXBuildFile; fileRef = D20D97C72B9A549900EECB5B /* SceneDelegate.swift */; };
		D20D97CA2B9A549900EECB5B /* ViewController.swift in Sources */ = {isa = PBXBuildFile; fileRef = D20D97C92B9A549900EECB5B /* ViewController.swift */; };
		D20D97CD2B9A549900EECB5B /* Base in Resources */ = {isa = PBXBuildFile; fileRef = D20D97CC2B9A549900EECB5B /* Base */; };
		D20D97CF2B9A549B00EECB5B /* Assets.xcassets in Resources */ = {isa = PBXBuildFile; fileRef = D20D97CE2B9A549B00EECB5B /* Assets.xcassets */; };
		D20D97D22B9A549B00EECB5B /* Base in Resources */ = {isa = PBXBuildFile; fileRef = D20D97D12B9A549B00EECB5B /* Base */; };
		D20D97DB2B9A561100EECB5B /* FormPagePersonalDataViewController.swift in Sources */ = {isa = PBXBuildFile; fileRef = D20D97DA2B9A561100EECB5B /* FormPagePersonalDataViewController.swift */; };
		D20D97DD2B9A563000EECB5B /* FormPagePersonalDataView.swift in Sources */ = {isa = PBXBuildFile; fileRef = D20D97DC2B9A563000EECB5B /* FormPagePersonalDataView.swift */; };
		D20D97DF2B9A566600EECB5B /* FormPagePersonalDataPresenter.swift in Sources */ = {isa = PBXBuildFile; fileRef = D20D97DE2B9A566600EECB5B /* FormPagePersonalDataPresenter.swift */; };
		D20D97E12B9A569000EECB5B /* FormPagePersonalDataTextView.swift in Sources */ = {isa = PBXBuildFile; fileRef = D20D97E02B9A569000EECB5B /* FormPagePersonalDataTextView.swift */; };
/* End PBXBuildFile section */

/* Begin PBXFileReference section */
		D20D97C22B9A549900EECB5B /* FormPersonalData.app */ = {isa = PBXFileReference; explicitFileType = wrapper.application; includeInIndex = 0; path = FormPersonalData.app; sourceTree = BUILT_PRODUCTS_DIR; };
		D20D97C52B9A549900EECB5B /* AppDelegate.swift */ = {isa = PBXFileReference; lastKnownFileType = sourcecode.swift; path = AppDelegate.swift; sourceTree = "<group>"; };
		D20D97C72B9A549900EECB5B /* SceneDelegate.swift */ = {isa = PBXFileReference; lastKnownFileType = sourcecode.swift; path = SceneDelegate.swift; sourceTree = "<group>"; };
		D20D97C92B9A549900EECB5B /* ViewController.swift */ = {isa = PBXFileReference; lastKnownFileType = sourcecode.swift; path = ViewController.swift; sourceTree = "<group>"; };
		D20D97CC2B9A549900EECB5B /* Base */ = {isa = PBXFileReference; lastKnownFileType = file.storyboard; name = Base; path = Base.lproj/Main.storyboard; sourceTree = "<group>"; };
		D20D97CE2B9A549B00EECB5B /* Assets.xcassets */ = {isa = PBXFileReference; lastKnownFileType = folder.assetcatalog; path = Assets.xcassets; sourceTree = "<group>"; };
		D20D97D12B9A549B00EECB5B /* Base */ = {isa = PBXFileReference; lastKnownFileType = file.storyboard; name = Base; path = Base.lproj/LaunchScreen.storyboard; sourceTree = "<group>"; };
		D20D97D32B9A549B00EECB5B /* Info.plist */ = {isa = PBXFileReference; lastKnownFileType = text.plist.xml; path = Info.plist; sourceTree = "<group>"; };
		D20D97DA2B9A561100EECB5B /* FormPagePersonalDataViewController.swift */ = {isa = PBXFileReference; lastKnownFileType = sourcecode.swift; path = FormPagePersonalDataViewController.swift; sourceTree = "<group>"; };
		D20D97DC2B9A563000EECB5B /* FormPagePersonalDataView.swift */ = {isa = PBXFileReference; lastKnownFileType = sourcecode.swift; path = FormPagePersonalDataView.swift; sourceTree = "<group>"; };
		D20D97DE2B9A566600EECB5B /* FormPagePersonalDataPresenter.swift */ = {isa = PBXFileReference; lastKnownFileType = sourcecode.swift; path = FormPagePersonalDataPresenter.swift; sourceTree = "<group>"; };
		D20D97E02B9A569000EECB5B /* FormPagePersonalDataTextView.swift */ = {isa = PBXFileReference; lastKnownFileType = sourcecode.swift; path = FormPagePersonalDataTextView.swift; sourceTree = "<group>"; };
/* End PBXFileReference section */

/* Begin PBXFrameworksBuildPhase section */
		D20D97BF2B9A549900EECB5B /* Frameworks */ = {
			isa = PBXFrameworksBuildPhase;
			buildActionMask = 2147483647;
			files = (
			);
			runOnlyForDeploymentPostprocessing = 0;
		};
/* End PBXFrameworksBuildPhase section */

/* Begin PBXGroup section */
		D20D97B92B9A549900EECB5B = {
			isa = PBXGroup;
			children = (
				D20D97C42B9A549900EECB5B /* FormPersonalData */,
				D20D97C32B9A549900EECB5B /* Products */,
			);
			sourceTree = "<group>";
		};
		D20D97C32B9A549900EECB5B /* Products */ = {
			isa = PBXGroup;
			children = (
				D20D97C22B9A549900EECB5B /* FormPersonalData.app */,
			);
			name = Products;
			sourceTree = "<group>";
		};
		D20D97C42B9A549900EECB5B /* FormPersonalData */ = {
			isa = PBXGroup;
			children = (
				D20D97D92B9A55E900EECB5B /* FormPagePersonalData */,
				D20D97C52B9A549900EECB5B /* AppDelegate.swift */,
				D20D97C72B9A549900EECB5B /* SceneDelegate.swift */,
				D20D97C92B9A549900EECB5B /* ViewController.swift */,
				D20D97CB2B9A549900EECB5B /* Main.storyboard */,
				D20D97CE2B9A549B00EECB5B /* Assets.xcassets */,
				D20D97D02B9A549B00EECB5B /* LaunchScreen.storyboard */,
				D20D97D32B9A549B00EECB5B /* Info.plist */,
			);
			path = FormPersonalData;
			sourceTree = "<group>";
		};
		D20D97D92B9A55E900EECB5B /* FormPagePersonalData */ = {
			isa = PBXGroup;
			children = (
				D20D97DA2B9A561100EECB5B /* FormPagePersonalDataViewController.swift */,
				D20D97DC2B9A563000EECB5B /* FormPagePersonalDataView.swift */,
				D20D97DE2B9A566600EECB5B /* FormPagePersonalDataPresenter.swift */,
				D20D97E02B9A569000EECB5B /* FormPagePersonalDataTextView.swift */,
			);
			path = FormPagePersonalData;
			sourceTree = "<group>";
		};
/* End PBXGroup section */

/* Begin PBXNativeTarget section */
		D20D97C12B9A549900EECB5B /* FormPersonalData */ = {
			isa = PBXNativeTarget;
			buildConfigurationList = D20D97D62B9A549B00EECB5B /* Build configuration list for PBXNativeTarget "FormPersonalData" */;
			buildPhases = (
				D20D97BE2B9A549900EECB5B /* Sources */,
				D20D97BF2B9A549900EECB5B /* Frameworks */,
				D20D97C02B9A549900EECB5B /* Resources */,
			);
			buildRules = (
			);
			dependencies = (
			);
			name = FormPersonalData;
			productName = FormPersonalData;
			productReference = D20D97C22B9A549900EECB5B /* FormPersonalData.app */;
			productType = "com.apple.product-type.application";
		};
/* End PBXNativeTarget section */

/* Begin PBXProject section */
		D20D97BA2B9A549900EECB5B /* Project object */ = {
			isa = PBXProject;
			attributes = {
				BuildIndependentTargetsInParallel = 1;
				LastSwiftUpdateCheck = 1530;
				LastUpgradeCheck = 1530;
				TargetAttributes = {
					D20D97C12B9A549900EECB5B = {
						CreatedOnToolsVersion = 15.3;
					};
				};
			};
			buildConfigurationList = D20D97BD2B9A549900EECB5B /* Build configuration list for PBXProject "FormPersonalData" */;
			compatibilityVersion = "Xcode 14.0";
			developmentRegion = en;
			hasScannedForEncodings = 0;
			knownRegions = (
				en,
				Base,
			);
			mainGroup = D20D97B92B9A549900EECB5B;
			productRefGroup = D20D97C32B9A549900EECB5B /* Products */;
			projectDirPath = "";
			projectRoot = "";
			targets = (
				D20D97C12B9A549900EECB5B /* FormPersonalData */,
			);
		};
/* End PBXProject section */

/* Begin PBXResourcesBuildPhase section */
		D20D97C02B9A549900EECB5B /* Resources */ = {
			isa = PBXResourcesBuildPhase;
			buildActionMask = 2147483647;
			files = (
				D20D97CF2B9A549B00EECB5B /* Assets.xcassets in Resources */,
				D20D97D22B9A549B00EECB5B /* Base in Resources */,
				D20D97CD2B9A549900EECB5B /* Base in Resources */,
			);
			runOnlyForDeploymentPostprocessing = 0;
		};
/* End PBXResourcesBuildPhase section */

/* Begin PBXSourcesBuildPhase section */
		D20D97BE2B9A549900EECB5B /* Sources */ = {
			isa = PBXSourcesBuildPhase;
			buildActionMask = 2147483647;
			files = (
				D20D97CA2B9A549900EECB5B /* ViewController.swift in Sources */,
				D20D97DD2B9A563000EECB5B /* FormPagePersonalDataView.swift in Sources */,
				D20D97DB2B9A561100EECB5B /* FormPagePersonalDataViewController.swift in Sources */,
				D20D97C62B9A549900EECB5B /* AppDelegate.swift in Sources */,
				D20D97C82B9A549900EECB5B /* SceneDelegate.swift in Sources */,
				D20D97E12B9A569000EECB5B /* FormPagePersonalDataTextView.swift in Sources */,
				D20D97DF2B9A566600EECB5B /* FormPagePersonalDataPresenter.swift in Sources */,
			);
			runOnlyForDeploymentPostprocessing = 0;
		};
/* End PBXSourcesBuildPhase section */

/* Begin PBXVariantGroup section */
		D20D97CB2B9A549900EECB5B /* Main.storyboard */ = {
			isa = PBXVariantGroup;
			children = (
				D20D97CC2B9A549900EECB5B /* Base */,
			);
			name = Main.storyboard;
			sourceTree = "<group>";
		};
		D20D97D02B9A549B00EECB5B /* LaunchScreen.storyboard */ = {
			isa = PBXVariantGroup;
			children = (
				D20D97D12B9A549B00EECB5B /* Base */,
			);
			name = LaunchScreen.storyboard;
			sourceTree = "<group>";
		};
/* End PBXVariantGroup section */

/* Begin XCBuildConfiguration section */
		D20D97D42B9A549B00EECB5B /* Debug */ = {
			isa = XCBuildConfiguration;
			buildSettings = {
				ALWAYS_SEARCH_USER_PATHS = NO;
				ASSETCATALOG_COMPILER_GENERATE_SWIFT_ASSET_SYMBOL_EXTENSIONS = YES;
				CLANG_ANALYZER_NONNULL = YES;
				CLANG_ANALYZER_NUMBER_OBJECT_CONVERSION = YES_AGGRESSIVE;
				CLANG_CXX_LANGUAGE_STANDARD = "gnu++20";
				CLANG_ENABLE_MODULES = YES;
				CLANG_ENABLE_OBJC_ARC = YES;
				CLANG_ENABLE_OBJC_WEAK = YES;
				CLANG_WARN_BLOCK_CAPTURE_AUTORELEASING = YES;
				CLANG_WARN_BOOL_CONVERSION = YES;
				CLANG_WARN_COMMA = YES;
				CLANG_WARN_CONSTANT_CONVERSION = YES;
				CLANG_WARN_DEPRECATED_OBJC_IMPLEMENTATIONS = YES;
				CLANG_WARN_DIRECT_OBJC_ISA_USAGE = YES_ERROR;
				CLANG_WARN_DOCUMENTATION_COMMENTS = YES;
				CLANG_WARN_EMPTY_BODY = YES;
				CLANG_WARN_ENUM_CONVERSION = YES;
				CLANG_WARN_INFINITE_RECURSION = YES;
				CLANG_WARN_INT_CONVERSION = YES;
				CLANG_WARN_NON_LITERAL_NULL_CONVERSION = YES;
				CLANG_WARN_OBJC_IMPLICIT_RETAIN_SELF = YES;
				CLANG_WARN_OBJC_LITERAL_CONVERSION = YES;
				CLANG_WARN_OBJC_ROOT_CLASS = YES_ERROR;
				CLANG_WARN_QUOTED_INCLUDE_IN_FRAMEWORK_HEADER = YES;
				CLANG_WARN_RANGE_LOOP_ANALYSIS = YES;
				CLANG_WARN_STRICT_PROTOTYPES = YES;
				CLANG_WARN_SUSPICIOUS_MOVE = YES;
				CLANG_WARN_UNGUARDED_AVAILABILITY = YES_AGGRESSIVE;
				CLANG_WARN_UNREACHABLE_CODE = YES;
				CLANG_WARN__DUPLICATE_METHOD_MATCH = YES;
				COPY_PHASE_STRIP = NO;
				DEBUG_INFORMATION_FORMAT = dwarf;
				ENABLE_STRICT_OBJC_MSGSEND = YES;
				ENABLE_TESTABILITY = YES;
				ENABLE_USER_SCRIPT_SANDBOXING = YES;
				GCC_C_LANGUAGE_STANDARD = gnu17;
				GCC_DYNAMIC_NO_PIC = NO;
				GCC_NO_COMMON_BLOCKS = YES;
				GCC_OPTIMIZATION_LEVEL = 0;
				GCC_PREPROCESSOR_DEFINITIONS = (
					"DEBUG=1",
					"$(inherited)",
				);
				GCC_WARN_64_TO_32_BIT_CONVERSION = YES;
				GCC_WARN_ABOUT_RETURN_TYPE = YES_ERROR;
				GCC_WARN_UNDECLARED_SELECTOR = YES;
				GCC_WARN_UNINITIALIZED_AUTOS = YES_AGGRESSIVE;
				GCC_WARN_UNUSED_FUNCTION = YES;
				GCC_WARN_UNUSED_VARIABLE = YES;
				IPHONEOS_DEPLOYMENT_TARGET = 17.4;
				LOCALIZATION_PREFERS_STRING_CATALOGS = YES;
				MTL_ENABLE_DEBUG_INFO = INCLUDE_SOURCE;
				MTL_FAST_MATH = YES;
				ONLY_ACTIVE_ARCH = YES;
				SDKROOT = iphoneos;
				SWIFT_ACTIVE_COMPILATION_CONDITIONS = "DEBUG $(inherited)";
				SWIFT_OPTIMIZATION_LEVEL = "-Onone";
			};
			name = Debug;
		};
		D20D97D52B9A549B00EECB5B /* Release */ = {
			isa = XCBuildConfiguration;
			buildSettings = {
				ALWAYS_SEARCH_USER_PATHS = NO;
				ASSETCATALOG_COMPILER_GENERATE_SWIFT_ASSET_SYMBOL_EXTENSIONS = YES;
				CLANG_ANALYZER_NONNULL = YES;
				CLANG_ANALYZER_NUMBER_OBJECT_CONVERSION = YES_AGGRESSIVE;
				CLANG_CXX_LANGUAGE_STANDARD = "gnu++20";
				CLANG_ENABLE_MODULES = YES;
				CLANG_ENABLE_OBJC_ARC = YES;
				CLANG_ENABLE_OBJC_WEAK = YES;
				CLANG_WARN_BLOCK_CAPTURE_AUTORELEASING = YES;
				CLANG_WARN_BOOL_CONVERSION = YES;
				CLANG_WARN_COMMA = YES;
				CLANG_WARN_CONSTANT_CONVERSION = YES;
				CLANG_WARN_DEPRECATED_OBJC_IMPLEMENTATIONS = YES;
				CLANG_WARN_DIRECT_OBJC_ISA_USAGE = YES_ERROR;
				CLANG_WARN_DOCUMENTATION_COMMENTS = YES;
				CLANG_WARN_EMPTY_BODY = YES;
				CLANG_WARN_ENUM_CONVERSION = YES;
				CLANG_WARN_INFINITE_RECURSION = YES;
				CLANG_WARN_INT_CONVERSION = YES;
				CLANG_WARN_NON_LITERAL_NULL_CONVERSION = YES;
				CLANG_WARN_OBJC_IMPLICIT_RETAIN_SELF = YES;
				CLANG_WARN_OBJC_LITERAL_CONVERSION = YES;
				CLANG_WARN_OBJC_ROOT_CLASS = YES_ERROR;
				CLANG_WARN_QUOTED_INCLUDE_IN_FRAMEWORK_HEADER = YES;
				CLANG_WARN_RANGE_LOOP_ANALYSIS = YES;
				CLANG_WARN_STRICT_PROTOTYPES = YES;
				CLANG_WARN_SUSPICIOUS_MOVE = YES;
				CLANG_WARN_UNGUARDED_AVAILABILITY = YES_AGGRESSIVE;
				CLANG_WARN_UNREACHABLE_CODE = YES;
				CLANG_WARN__DUPLICATE_METHOD_MATCH = YES;
				COPY_PHASE_STRIP = NO;
				DEBUG_INFORMATION_FORMAT = "dwarf-with-dsym";
				ENABLE_NS_ASSERTIONS = NO;
				ENABLE_STRICT_OBJC_MSGSEND = YES;
				ENABLE_USER_SCRIPT_SANDBOXING = YES;
				GCC_C_LANGUAGE_STANDARD = gnu17;
				GCC_NO_COMMON_BLOCKS = YES;
				GCC_WARN_64_TO_32_BIT_CONVERSION = YES;
				GCC_WARN_ABOUT_RETURN_TYPE = YES_ERROR;
				GCC_WARN_UNDECLARED_SELECTOR = YES;
				GCC_WARN_UNINITIALIZED_AUTOS = YES_AGGRESSIVE;
				GCC_WARN_UNUSED_FUNCTION = YES;
				GCC_WARN_UNUSED_VARIABLE = YES;
				IPHONEOS_DEPLOYMENT_TARGET = 17.4;
				LOCALIZATION_PREFERS_STRING_CATALOGS = YES;
				MTL_ENABLE_DEBUG_INFO = NO;
				MTL_FAST_MATH = YES;
				SDKROOT = iphoneos;
				SWIFT_COMPILATION_MODE = wholemodule;
				VALIDATE_PRODUCT = YES;
			};
			name = Release;
		};
		D20D97D72B9A549B00EECB5B /* Debug */ = {
			isa = XCBuildConfiguration;
			buildSettings = {
				ASSETCATALOG_COMPILER_APPICON_NAME = AppIcon;
				ASSETCATALOG_COMPILER_GLOBAL_ACCENT_COLOR_NAME = AccentColor;
				CODE_SIGN_STYLE = Automatic;
				CURRENT_PROJECT_VERSION = 1;
				GENERATE_INFOPLIST_FILE = YES;
				INFOPLIST_FILE = FormPersonalData/Info.plist;
				INFOPLIST_KEY_UIApplicationSupportsIndirectInputEvents = YES;
				INFOPLIST_KEY_UILaunchStoryboardName = LaunchScreen;
				INFOPLIST_KEY_UIMainStoryboardFile = Main;
				INFOPLIST_KEY_UISupportedInterfaceOrientations_iPad = "UIInterfaceOrientationPortrait UIInterfaceOrientationPortraitUpsideDown UIInterfaceOrientationLandscapeLeft UIInterfaceOrientationLandscapeRight";
				INFOPLIST_KEY_UISupportedInterfaceOrientations_iPhone = "UIInterfaceOrientationPortrait UIInterfaceOrientationLandscapeLeft UIInterfaceOrientationLandscapeRight";
				LD_RUNPATH_SEARCH_PATHS = (
					"$(inherited)",
					"@executable_path/Frameworks",
				);
				MARKETING_VERSION = 1.0;
				PRODUCT_BUNDLE_IDENTIFIER = diana.com.FormPersonalData;
				PRODUCT_NAME = "$(TARGET_NAME)";
				SWIFT_EMIT_LOC_STRINGS = YES;
				SWIFT_VERSION = 5.0;
				TARGETED_DEVICE_FAMILY = "1,2";
			};
			name = Debug;
		};
		D20D97D82B9A549B00EECB5B /* Release */ = {
			isa = XCBuildConfiguration;
			buildSettings = {
				ASSETCATALOG_COMPILER_APPICON_NAME = AppIcon;
				ASSETCATALOG_COMPILER_GLOBAL_ACCENT_COLOR_NAME = AccentColor;
				CODE_SIGN_STYLE = Automatic;
				CURRENT_PROJECT_VERSION = 1;
				GENERATE_INFOPLIST_FILE = YES;
				INFOPLIST_FILE = FormPersonalData/Info.plist;
				INFOPLIST_KEY_UIApplicationSupportsIndirectInputEvents = YES;
				INFOPLIST_KEY_UILaunchStoryboardName = LaunchScreen;
				INFOPLIST_KEY_UIMainStoryboardFile = Main;
				INFOPLIST_KEY_UISupportedInterfaceOrientations_iPad = "UIInterfaceOrientationPortrait UIInterfaceOrientationPortraitUpsideDown UIInterfaceOrientationLandscapeLeft UIInterfaceOrientationLandscapeRight";
				INFOPLIST_KEY_UISupportedInterfaceOrientations_iPhone = "UIInterfaceOrientationPortrait UIInterfaceOrientationLandscapeLeft UIInterfaceOrientationLandscapeRight";
				LD_RUNPATH_SEARCH_PATHS = (
					"$(inherited)",
					"@executable_path/Frameworks",
				);
				MARKETING_VERSION = 1.0;
				PRODUCT_BUNDLE_IDENTIFIER = diana.com.FormPersonalData;
				PRODUCT_NAME = "$(TARGET_NAME)";
				SWIFT_EMIT_LOC_STRINGS = YES;
				SWIFT_VERSION = 5.0;
				TARGETED_DEVICE_FAMILY = "1,2";
			};
			name = Release;
		};
/* End XCBuildConfiguration section */

/* Begin XCConfigurationList section */
		D20D97BD2B9A549900EECB5B /* Build configuration list for PBXProject "FormPersonalData" */ = {
			isa = XCConfigurationList;
			buildConfigurations = (
				D20D97D42B9A549B00EECB5B /* Debug */,
				D20D97D52B9A549B00EECB5B /* Release */,
			);
			defaultConfigurationIsVisible = 0;
			defaultConfigurationName = Release;
		};
		D20D97D62B9A549B00EECB5B /* Build configuration list for PBXNativeTarget "FormPersonalData" */ = {
			isa = XCConfigurationList;
			buildConfigurations = (
				D20D97D72B9A549B00EECB5B /* Debug */,
				D20D97D82B9A549B00EECB5B /* Release */,
			);
			defaultConfigurationIsVisible = 0;
			defaultConfigurationName = Release;
		};
/* End XCConfigurationList section */
	};
	rootObject = D20D97BA2B9A549900EECB5B /* Project object */;
}
